
Microsoft Visual Studio Solution File, Format Version 12.00
# Visual Studio Version 17
VisualStudioVersion = 17.4.33110.190
MinimumVisualStudioVersion = 10.0.40219.1
Project("{2150E333-8FDC-42A3-9474-1A3956D46DE8}") = "1 - Presentation", "1 - Presentation", "{213374C7-A203-4F0C-B19F-9FF9FEBE2088}"
EndProject
Project("{2150E333-8FDC-42A3-9474-1A3956D46DE8}") = "2 - Application", "2 - Application", "{50EA6E57-90B4-482A-B52B-4E8A068E807C}"
EndProject
Project("{2150E333-8FDC-42A3-9474-1A3956D46DE8}") = "3 - Domain", "3 - Domain", "{CB747323-D2CA-4F92-AE50-220EE51244F5}"
EndProject
Project("{2150E333-8FDC-42A3-9474-1A3956D46DE8}") = "4 - Database", "4 - Database", "{8795335B-F657-4563-8ACC-42E5D4913ED9}"
EndProject
Project("{2150E333-8FDC-42A3-9474-1A3956D46DE8}") = "5 - CrossCutting", "5 - CrossCutting", "{BE556146-DE9E-466B-9D3C-81EB06E71831}"
EndProject
Project("{2150E333-8FDC-42A3-9474-1A3956D46DE8}") = "6 - Tests", "6 - Tests", "{54275AC0-8D42-4736-AF38-245413E64281}"
EndProject
Project("{9A19103F-16F7-4668-BE54-9A1E7A4F7556}") = "KingOrder.API", "src\KingOrder.API\KingOrder.API.csproj", "{36A8F006-2F1B-413B-9CCE-016F46DBE90A}"
EndProject
Project("{9A19103F-16F7-4668-BE54-9A1E7A4F7556}") = "KingOrder.Application", "src\KingOrder.Application\KingOrder.Application.csproj", "{FFBE530E-BF1C-4049-8645-43DC3190CF56}"
EndProject
Project("{9A19103F-16F7-4668-BE54-9A1E7A4F7556}") = "KingOrder.Domain", "src\KingOrder.Domain\KingOrder.Domain.csproj", "{073EF40F-C4E9-4E85-B990-60AEEFF66D3E}"
EndProject
Project("{9A19103F-16F7-4668-BE54-9A1E7A4F7556}") = "KingOrder.Database", "src\KingOrder.Database\KingOrder.Database.csproj", "{71B9775F-1481-4AD9-BBCF-89BE508FB8E9}"
EndProject
Project("{9A19103F-16F7-4668-BE54-9A1E7A4F7556}") = "KingOrder.CrossCutting.IoC", "src\KingOrder.CrossCutting.IoC\KingOrder.CrossCutting.IoC.csproj", "{DC4AB0DA-15C4-418D-B3AF-32F104EC3435}"
EndProject
Project("{9A19103F-16F7-4668-BE54-9A1E7A4F7556}") = "KingOrder.CrossCutting.Http", "src\KingOrder.CrossCutting.Http\KingOrder.CrossCutting.Http.csproj", "{02E3F300-41DB-4B07-BEFA-5907624A47CD}"
EndProject
Project("{9A19103F-16F7-4668-BE54-9A1E7A4F7556}") = "KingOrder.Maui", "src\KingOrder.Maui\KingOrder.Maui.csproj", "{7D252343-43FC-413F-8801-8B997A1E8048}"
EndProject
Project("{9A19103F-16F7-4668-BE54-9A1E7A4F7556}") = "KingOrder.Application.Shared", "src\KingOrder.Application.Shared\KingOrder.Application.Shared.csproj", "{4D1D3BFF-7C3F-4C3A-84EE-00FE40CB8688}"
EndProject
Project("{FAE04EC0-301F-11D3-BF4B-00C04F79EFBC}") = "KingOrder.XF.Android", "src\KingOrder.XF\KingOrder.XF.Android\KingOrder.XF.Android.csproj", "{5C97535E-ABD7-46C1-8F0B-0971159F0D6D}"
EndProject
Project("{FAE04EC0-301F-11D3-BF4B-00C04F79EFBC}") = "KingOrder.XF.iOS", "src\KingOrder.XF\KingOrder.XF.iOS\KingOrder.XF.iOS.csproj", "{8511F1F5-5221-4559-8667-9C77AF06D5BC}"
EndProject
Project("{9A19103F-16F7-4668-BE54-9A1E7A4F7556}") = "KingOrder.XF", "src\KingOrder.XF\KingOrder.XF\KingOrder.XF.csproj", "{33F46A5B-35EE-46D4-B7CC-CC560837C1DD}"
EndProject
Project("{9A19103F-16F7-4668-BE54-9A1E7A4F7556}") = "KingOrder.API.IntegrationTests", "tests\KingOrder.API.IntegrationTests\KingOrder.API.IntegrationTests.csproj", "{D9F6E0A1-055D-44ED-BDF4-9C1A5229D732}"
EndProject
Project("{9A19103F-16F7-4668-BE54-9A1E7A4F7556}") = "KingOrder.Domain.Shared", "src\KingOrder.Domain.Shared\KingOrder.Domain.Shared.csproj", "{DC94898E-ABC6-485B-B378-0E02355B026F}"
EndProject
Project("{FAE04EC0-301F-11D3-BF4B-00C04F79EFBC}") = "KingOrder.XF.UITests", "tests\KingOrder.XF.UITests\KingOrder.XF.UITests.csproj", "{412FF6D9-4D88-44B8-88B5-00EDB5FAECBF}"
EndProject
Project("{9A19103F-16F7-4668-BE54-9A1E7A4F7556}") = "KingOrder.MudBlazor", "src\KingOrder.MudBlazor\KingOrder.MudBlazor.csproj", "{989BDAD8-3AEE-4585-88FE-0BF2D93D2C77}"
EndProject
Global
	GlobalSection(SolutionConfigurationPlatforms) = preSolution
		Debug|Any CPU = Debug|Any CPU
		Debug|ARM = Debug|ARM
		Debug|iPhone = Debug|iPhone
		Debug|iPhoneSimulator = Debug|iPhoneSimulator
		Debug|x64 = Debug|x64
		Debug|x86 = Debug|x86
		Release|Any CPU = Release|Any CPU
		Release|ARM = Release|ARM
		Release|iPhone = Release|iPhone
		Release|iPhoneSimulator = Release|iPhoneSimulator
		Release|x64 = Release|x64
		Release|x86 = Release|x86
	EndGlobalSection
	GlobalSection(ProjectConfigurationPlatforms) = postSolution
		{36A8F006-2F1B-413B-9CCE-016F46DBE90A}.Debug|Any CPU.ActiveCfg = Debug|Any CPU
		{36A8F006-2F1B-413B-9CCE-016F46DBE90A}.Debug|Any CPU.Build.0 = Debug|Any CPU
		{36A8F006-2F1B-413B-9CCE-016F46DBE90A}.Debug|ARM.ActiveCfg = Debug|Any CPU
		{36A8F006-2F1B-413B-9CCE-016F46DBE90A}.Debug|ARM.Build.0 = Debug|Any CPU
		{36A8F006-2F1B-413B-9CCE-016F46DBE90A}.Debug|iPhone.ActiveCfg = Debug|Any CPU
		{36A8F006-2F1B-413B-9CCE-016F46DBE90A}.Debug|iPhone.Build.0 = Debug|Any CPU
		{36A8F006-2F1B-413B-9CCE-016F46DBE90A}.Debug|iPhoneSimulator.ActiveCfg = Debug|Any CPU
		{36A8F006-2F1B-413B-9CCE-016F46DBE90A}.Debug|iPhoneSimulator.Build.0 = Debug|Any CPU
		{36A8F006-2F1B-413B-9CCE-016F46DBE90A}.Debug|x64.ActiveCfg = Debug|Any CPU
		{36A8F006-2F1B-413B-9CCE-016F46DBE90A}.Debug|x64.Build.0 = Debug|Any CPU
		{36A8F006-2F1B-413B-9CCE-016F46DBE90A}.Debug|x86.ActiveCfg = Debug|Any CPU
		{36A8F006-2F1B-413B-9CCE-016F46DBE90A}.Debug|x86.Build.0 = Debug|Any CPU
		{36A8F006-2F1B-413B-9CCE-016F46DBE90A}.Release|Any CPU.ActiveCfg = Release|Any CPU
		{36A8F006-2F1B-413B-9CCE-016F46DBE90A}.Release|Any CPU.Build.0 = Release|Any CPU
		{36A8F006-2F1B-413B-9CCE-016F46DBE90A}.Release|ARM.ActiveCfg = Release|Any CPU
		{36A8F006-2F1B-413B-9CCE-016F46DBE90A}.Release|ARM.Build.0 = Release|Any CPU
		{36A8F006-2F1B-413B-9CCE-016F46DBE90A}.Release|iPhone.ActiveCfg = Release|Any CPU
		{36A8F006-2F1B-413B-9CCE-016F46DBE90A}.Release|iPhone.Build.0 = Release|Any CPU
		{36A8F006-2F1B-413B-9CCE-016F46DBE90A}.Release|iPhoneSimulator.ActiveCfg = Release|Any CPU
		{36A8F006-2F1B-413B-9CCE-016F46DBE90A}.Release|iPhoneSimulator.Build.0 = Release|Any CPU
		{36A8F006-2F1B-413B-9CCE-016F46DBE90A}.Release|x64.ActiveCfg = Release|Any CPU
		{36A8F006-2F1B-413B-9CCE-016F46DBE90A}.Release|x64.Build.0 = Release|Any CPU
		{36A8F006-2F1B-413B-9CCE-016F46DBE90A}.Release|x86.ActiveCfg = Release|Any CPU
		{36A8F006-2F1B-413B-9CCE-016F46DBE90A}.Release|x86.Build.0 = Release|Any CPU
		{FFBE530E-BF1C-4049-8645-43DC3190CF56}.Debug|Any CPU.ActiveCfg = Debug|Any CPU
		{FFBE530E-BF1C-4049-8645-43DC3190CF56}.Debug|Any CPU.Build.0 = Debug|Any CPU
		{FFBE530E-BF1C-4049-8645-43DC3190CF56}.Debug|ARM.ActiveCfg = Debug|Any CPU
		{FFBE530E-BF1C-4049-8645-43DC3190CF56}.Debug|ARM.Build.0 = Debug|Any CPU
		{FFBE530E-BF1C-4049-8645-43DC3190CF56}.Debug|iPhone.ActiveCfg = Debug|Any CPU
		{FFBE530E-BF1C-4049-8645-43DC3190CF56}.Debug|iPhone.Build.0 = Debug|Any CPU
		{FFBE530E-BF1C-4049-8645-43DC3190CF56}.Debug|iPhoneSimulator.ActiveCfg = Debug|Any CPU
		{FFBE530E-BF1C-4049-8645-43DC3190CF56}.Debug|iPhoneSimulator.Build.0 = Debug|Any CPU
		{FFBE530E-BF1C-4049-8645-43DC3190CF56}.Debug|x64.ActiveCfg = Debug|Any CPU
		{FFBE530E-BF1C-4049-8645-43DC3190CF56}.Debug|x64.Build.0 = Debug|Any CPU
		{FFBE530E-BF1C-4049-8645-43DC3190CF56}.Debug|x86.ActiveCfg = Debug|Any CPU
		{FFBE530E-BF1C-4049-8645-43DC3190CF56}.Debug|x86.Build.0 = Debug|Any CPU
		{FFBE530E-BF1C-4049-8645-43DC3190CF56}.Release|Any CPU.ActiveCfg = Release|Any CPU
		{FFBE530E-BF1C-4049-8645-43DC3190CF56}.Release|Any CPU.Build.0 = Release|Any CPU
		{FFBE530E-BF1C-4049-8645-43DC3190CF56}.Release|ARM.ActiveCfg = Release|Any CPU
		{FFBE530E-BF1C-4049-8645-43DC3190CF56}.Release|ARM.Build.0 = Release|Any CPU
		{FFBE530E-BF1C-4049-8645-43DC3190CF56}.Release|iPhone.ActiveCfg = Release|Any CPU
		{FFBE530E-BF1C-4049-8645-43DC3190CF56}.Release|iPhone.Build.0 = Release|Any CPU
		{FFBE530E-BF1C-4049-8645-43DC3190CF56}.Release|iPhoneSimulator.ActiveCfg = Release|Any CPU
		{FFBE530E-BF1C-4049-8645-43DC3190CF56}.Release|iPhoneSimulator.Build.0 = Release|Any CPU
		{FFBE530E-BF1C-4049-8645-43DC3190CF56}.Release|x64.ActiveCfg = Release|Any CPU
		{FFBE530E-BF1C-4049-8645-43DC3190CF56}.Release|x64.Build.0 = Release|Any CPU
		{FFBE530E-BF1C-4049-8645-43DC3190CF56}.Release|x86.ActiveCfg = Release|Any CPU
		{FFBE530E-BF1C-4049-8645-43DC3190CF56}.Release|x86.Build.0 = Release|Any CPU
		{073EF40F-C4E9-4E85-B990-60AEEFF66D3E}.Debug|Any CPU.ActiveCfg = Debug|Any CPU
		{073EF40F-C4E9-4E85-B990-60AEEFF66D3E}.Debug|Any CPU.Build.0 = Debug|Any CPU
		{073EF40F-C4E9-4E85-B990-60AEEFF66D3E}.Debug|ARM.ActiveCfg = Debug|Any CPU
		{073EF40F-C4E9-4E85-B990-60AEEFF66D3E}.Debug|ARM.Build.0 = Debug|Any CPU
		{073EF40F-C4E9-4E85-B990-60AEEFF66D3E}.Debug|iPhone.ActiveCfg = Debug|Any CPU
		{073EF40F-C4E9-4E85-B990-60AEEFF66D3E}.Debug|iPhone.Build.0 = Debug|Any CPU
		{073EF40F-C4E9-4E85-B990-60AEEFF66D3E}.Debug|iPhoneSimulator.ActiveCfg = Debug|Any CPU
		{073EF40F-C4E9-4E85-B990-60AEEFF66D3E}.Debug|iPhoneSimulator.Build.0 = Debug|Any CPU
		{073EF40F-C4E9-4E85-B990-60AEEFF66D3E}.Debug|x64.ActiveCfg = Debug|Any CPU
		{073EF40F-C4E9-4E85-B990-60AEEFF66D3E}.Debug|x64.Build.0 = Debug|Any CPU
		{073EF40F-C4E9-4E85-B990-60AEEFF66D3E}.Debug|x86.ActiveCfg = Debug|Any CPU
		{073EF40F-C4E9-4E85-B990-60AEEFF66D3E}.Debug|x86.Build.0 = Debug|Any CPU
		{073EF40F-C4E9-4E85-B990-60AEEFF66D3E}.Release|Any CPU.ActiveCfg = Release|Any CPU
		{073EF40F-C4E9-4E85-B990-60AEEFF66D3E}.Release|Any CPU.Build.0 = Release|Any CPU
		{073EF40F-C4E9-4E85-B990-60AEEFF66D3E}.Release|ARM.ActiveCfg = Release|Any CPU
		{073EF40F-C4E9-4E85-B990-60AEEFF66D3E}.Release|ARM.Build.0 = Release|Any CPU
		{073EF40F-C4E9-4E85-B990-60AEEFF66D3E}.Release|iPhone.ActiveCfg = Release|Any CPU
		{073EF40F-C4E9-4E85-B990-60AEEFF66D3E}.Release|iPhone.Build.0 = Release|Any CPU
		{073EF40F-C4E9-4E85-B990-60AEEFF66D3E}.Release|iPhoneSimulator.ActiveCfg = Release|Any CPU
		{073EF40F-C4E9-4E85-B990-60AEEFF66D3E}.Release|iPhoneSimulator.Build.0 = Release|Any CPU
		{073EF40F-C4E9-4E85-B990-60AEEFF66D3E}.Release|x64.ActiveCfg = Release|Any CPU
		{073EF40F-C4E9-4E85-B990-60AEEFF66D3E}.Release|x64.Build.0 = Release|Any CPU
		{073EF40F-C4E9-4E85-B990-60AEEFF66D3E}.Release|x86.ActiveCfg = Release|Any CPU
		{073EF40F-C4E9-4E85-B990-60AEEFF66D3E}.Release|x86.Build.0 = Release|Any CPU
		{71B9775F-1481-4AD9-BBCF-89BE508FB8E9}.Debug|Any CPU.ActiveCfg = Debug|Any CPU
		{71B9775F-1481-4AD9-BBCF-89BE508FB8E9}.Debug|Any CPU.Build.0 = Debug|Any CPU
		{71B9775F-1481-4AD9-BBCF-89BE508FB8E9}.Debug|ARM.ActiveCfg = Debug|Any CPU
		{71B9775F-1481-4AD9-BBCF-89BE508FB8E9}.Debug|ARM.Build.0 = Debug|Any CPU
		{71B9775F-1481-4AD9-BBCF-89BE508FB8E9}.Debug|iPhone.ActiveCfg = Debug|Any CPU
		{71B9775F-1481-4AD9-BBCF-89BE508FB8E9}.Debug|iPhone.Build.0 = Debug|Any CPU
		{71B9775F-1481-4AD9-BBCF-89BE508FB8E9}.Debug|iPhoneSimulator.ActiveCfg = Debug|Any CPU
		{71B9775F-1481-4AD9-BBCF-89BE508FB8E9}.Debug|iPhoneSimulator.Build.0 = Debug|Any CPU
		{71B9775F-1481-4AD9-BBCF-89BE508FB8E9}.Debug|x64.ActiveCfg = Debug|Any CPU
		{71B9775F-1481-4AD9-BBCF-89BE508FB8E9}.Debug|x64.Build.0 = Debug|Any CPU
		{71B9775F-1481-4AD9-BBCF-89BE508FB8E9}.Debug|x86.ActiveCfg = Debug|Any CPU
		{71B9775F-1481-4AD9-BBCF-89BE508FB8E9}.Debug|x86.Build.0 = Debug|Any CPU
		{71B9775F-1481-4AD9-BBCF-89BE508FB8E9}.Release|Any CPU.ActiveCfg = Release|Any CPU
		{71B9775F-1481-4AD9-BBCF-89BE508FB8E9}.Release|Any CPU.Build.0 = Release|Any CPU
		{71B9775F-1481-4AD9-BBCF-89BE508FB8E9}.Release|ARM.ActiveCfg = Release|Any CPU
		{71B9775F-1481-4AD9-BBCF-89BE508FB8E9}.Release|ARM.Build.0 = Release|Any CPU
		{71B9775F-1481-4AD9-BBCF-89BE508FB8E9}.Release|iPhone.ActiveCfg = Release|Any CPU
		{71B9775F-1481-4AD9-BBCF-89BE508FB8E9}.Release|iPhone.Build.0 = Release|Any CPU
		{71B9775F-1481-4AD9-BBCF-89BE508FB8E9}.Release|iPhoneSimulator.ActiveCfg = Release|Any CPU
		{71B9775F-1481-4AD9-BBCF-89BE508FB8E9}.Release|iPhoneSimulator.Build.0 = Release|Any CPU
		{71B9775F-1481-4AD9-BBCF-89BE508FB8E9}.Release|x64.ActiveCfg = Release|Any CPU
		{71B9775F-1481-4AD9-BBCF-89BE508FB8E9}.Release|x64.Build.0 = Release|Any CPU
		{71B9775F-1481-4AD9-BBCF-89BE508FB8E9}.Release|x86.ActiveCfg = Release|Any CPU
		{71B9775F-1481-4AD9-BBCF-89BE508FB8E9}.Release|x86.Build.0 = Release|Any CPU
		{DC4AB0DA-15C4-418D-B3AF-32F104EC3435}.Debug|Any CPU.ActiveCfg = Debug|Any CPU
		{DC4AB0DA-15C4-418D-B3AF-32F104EC3435}.Debug|Any CPU.Build.0 = Debug|Any CPU
		{DC4AB0DA-15C4-418D-B3AF-32F104EC3435}.Debug|ARM.ActiveCfg = Debug|Any CPU
		{DC4AB0DA-15C4-418D-B3AF-32F104EC3435}.Debug|ARM.Build.0 = Debug|Any CPU
		{DC4AB0DA-15C4-418D-B3AF-32F104EC3435}.Debug|iPhone.ActiveCfg = Debug|Any CPU
		{DC4AB0DA-15C4-418D-B3AF-32F104EC3435}.Debug|iPhone.Build.0 = Debug|Any CPU
		{DC4AB0DA-15C4-418D-B3AF-32F104EC3435}.Debug|iPhoneSimulator.ActiveCfg = Debug|Any CPU
		{DC4AB0DA-15C4-418D-B3AF-32F104EC3435}.Debug|iPhoneSimulator.Build.0 = Debug|Any CPU
		{DC4AB0DA-15C4-418D-B3AF-32F104EC3435}.Debug|x64.ActiveCfg = Debug|Any CPU
		{DC4AB0DA-15C4-418D-B3AF-32F104EC3435}.Debug|x64.Build.0 = Debug|Any CPU
		{DC4AB0DA-15C4-418D-B3AF-32F104EC3435}.Debug|x86.ActiveCfg = Debug|Any CPU
		{DC4AB0DA-15C4-418D-B3AF-32F104EC3435}.Debug|x86.Build.0 = Debug|Any CPU
		{DC4AB0DA-15C4-418D-B3AF-32F104EC3435}.Release|Any CPU.ActiveCfg = Release|Any CPU
		{DC4AB0DA-15C4-418D-B3AF-32F104EC3435}.Release|Any CPU.Build.0 = Release|Any CPU
		{DC4AB0DA-15C4-418D-B3AF-32F104EC3435}.Release|ARM.ActiveCfg = Release|Any CPU
		{DC4AB0DA-15C4-418D-B3AF-32F104EC3435}.Release|ARM.Build.0 = Release|Any CPU
		{DC4AB0DA-15C4-418D-B3AF-32F104EC3435}.Release|iPhone.ActiveCfg = Release|Any CPU
		{DC4AB0DA-15C4-418D-B3AF-32F104EC3435}.Release|iPhone.Build.0 = Release|Any CPU
		{DC4AB0DA-15C4-418D-B3AF-32F104EC3435}.Release|iPhoneSimulator.ActiveCfg = Release|Any CPU
		{DC4AB0DA-15C4-418D-B3AF-32F104EC3435}.Release|iPhoneSimulator.Build.0 = Release|Any CPU
		{DC4AB0DA-15C4-418D-B3AF-32F104EC3435}.Release|x64.ActiveCfg = Release|Any CPU
		{DC4AB0DA-15C4-418D-B3AF-32F104EC3435}.Release|x64.Build.0 = Release|Any CPU
		{DC4AB0DA-15C4-418D-B3AF-32F104EC3435}.Release|x86.ActiveCfg = Release|Any CPU
		{DC4AB0DA-15C4-418D-B3AF-32F104EC3435}.Release|x86.Build.0 = Release|Any CPU
		{02E3F300-41DB-4B07-BEFA-5907624A47CD}.Debug|Any CPU.ActiveCfg = Debug|Any CPU
		{02E3F300-41DB-4B07-BEFA-5907624A47CD}.Debug|Any CPU.Build.0 = Debug|Any CPU
		{02E3F300-41DB-4B07-BEFA-5907624A47CD}.Debug|ARM.ActiveCfg = Debug|Any CPU
		{02E3F300-41DB-4B07-BEFA-5907624A47CD}.Debug|ARM.Build.0 = Debug|Any CPU
		{02E3F300-41DB-4B07-BEFA-5907624A47CD}.Debug|iPhone.ActiveCfg = Debug|Any CPU
		{02E3F300-41DB-4B07-BEFA-5907624A47CD}.Debug|iPhone.Build.0 = Debug|Any CPU
		{02E3F300-41DB-4B07-BEFA-5907624A47CD}.Debug|iPhoneSimulator.ActiveCfg = Debug|Any CPU
		{02E3F300-41DB-4B07-BEFA-5907624A47CD}.Debug|iPhoneSimulator.Build.0 = Debug|Any CPU
		{02E3F300-41DB-4B07-BEFA-5907624A47CD}.Debug|x64.ActiveCfg = Debug|Any CPU
		{02E3F300-41DB-4B07-BEFA-5907624A47CD}.Debug|x64.Build.0 = Debug|Any CPU
		{02E3F300-41DB-4B07-BEFA-5907624A47CD}.Debug|x86.ActiveCfg = Debug|Any CPU
		{02E3F300-41DB-4B07-BEFA-5907624A47CD}.Debug|x86.Build.0 = Debug|Any CPU
		{02E3F300-41DB-4B07-BEFA-5907624A47CD}.Release|Any CPU.ActiveCfg = Release|Any CPU
		{02E3F300-41DB-4B07-BEFA-5907624A47CD}.Release|Any CPU.Build.0 = Release|Any CPU
		{02E3F300-41DB-4B07-BEFA-5907624A47CD}.Release|ARM.ActiveCfg = Release|Any CPU
		{02E3F300-41DB-4B07-BEFA-5907624A47CD}.Release|ARM.Build.0 = Release|Any CPU
		{02E3F300-41DB-4B07-BEFA-5907624A47CD}.Release|iPhone.ActiveCfg = Release|Any CPU
		{02E3F300-41DB-4B07-BEFA-5907624A47CD}.Release|iPhone.Build.0 = Release|Any CPU
		{02E3F300-41DB-4B07-BEFA-5907624A47CD}.Release|iPhoneSimulator.ActiveCfg = Release|Any CPU
		{02E3F300-41DB-4B07-BEFA-5907624A47CD}.Release|iPhoneSimulator.Build.0 = Release|Any CPU
		{02E3F300-41DB-4B07-BEFA-5907624A47CD}.Release|x64.ActiveCfg = Release|Any CPU
		{02E3F300-41DB-4B07-BEFA-5907624A47CD}.Release|x64.Build.0 = Release|Any CPU
		{02E3F300-41DB-4B07-BEFA-5907624A47CD}.Release|x86.ActiveCfg = Release|Any CPU
		{02E3F300-41DB-4B07-BEFA-5907624A47CD}.Release|x86.Build.0 = Release|Any CPU
		{7D252343-43FC-413F-8801-8B997A1E8048}.Debug|Any CPU.ActiveCfg = Debug|Any CPU
		{7D252343-43FC-413F-8801-8B997A1E8048}.Debug|Any CPU.Build.0 = Debug|Any CPU
		{7D252343-43FC-413F-8801-8B997A1E8048}.Debug|Any CPU.Deploy.0 = Debug|Any CPU
		{7D252343-43FC-413F-8801-8B997A1E8048}.Debug|ARM.ActiveCfg = Debug|Any CPU
		{7D252343-43FC-413F-8801-8B997A1E8048}.Debug|ARM.Build.0 = Debug|Any CPU
		{7D252343-43FC-413F-8801-8B997A1E8048}.Debug|ARM.Deploy.0 = Debug|Any CPU
		{7D252343-43FC-413F-8801-8B997A1E8048}.Debug|iPhone.ActiveCfg = Debug|Any CPU
		{7D252343-43FC-413F-8801-8B997A1E8048}.Debug|iPhone.Build.0 = Debug|Any CPU
		{7D252343-43FC-413F-8801-8B997A1E8048}.Debug|iPhone.Deploy.0 = Debug|Any CPU
		{7D252343-43FC-413F-8801-8B997A1E8048}.Debug|iPhoneSimulator.ActiveCfg = Debug|Any CPU
		{7D252343-43FC-413F-8801-8B997A1E8048}.Debug|iPhoneSimulator.Build.0 = Debug|Any CPU
		{7D252343-43FC-413F-8801-8B997A1E8048}.Debug|iPhoneSimulator.Deploy.0 = Debug|Any CPU
		{7D252343-43FC-413F-8801-8B997A1E8048}.Debug|x64.ActiveCfg = Debug|Any CPU
		{7D252343-43FC-413F-8801-8B997A1E8048}.Debug|x64.Build.0 = Debug|Any CPU
		{7D252343-43FC-413F-8801-8B997A1E8048}.Debug|x64.Deploy.0 = Debug|Any CPU
		{7D252343-43FC-413F-8801-8B997A1E8048}.Debug|x86.ActiveCfg = Debug|Any CPU
		{7D252343-43FC-413F-8801-8B997A1E8048}.Debug|x86.Build.0 = Debug|Any CPU
		{7D252343-43FC-413F-8801-8B997A1E8048}.Debug|x86.Deploy.0 = Debug|Any CPU
		{7D252343-43FC-413F-8801-8B997A1E8048}.Release|Any CPU.ActiveCfg = Release|Any CPU
		{7D252343-43FC-413F-8801-8B997A1E8048}.Release|Any CPU.Build.0 = Release|Any CPU
		{7D252343-43FC-413F-8801-8B997A1E8048}.Release|Any CPU.Deploy.0 = Release|Any CPU
		{7D252343-43FC-413F-8801-8B997A1E8048}.Release|ARM.ActiveCfg = Release|Any CPU
		{7D252343-43FC-413F-8801-8B997A1E8048}.Release|ARM.Build.0 = Release|Any CPU
		{7D252343-43FC-413F-8801-8B997A1E8048}.Release|ARM.Deploy.0 = Release|Any CPU
		{7D252343-43FC-413F-8801-8B997A1E8048}.Release|iPhone.ActiveCfg = Release|Any CPU
		{7D252343-43FC-413F-8801-8B997A1E8048}.Release|iPhone.Build.0 = Release|Any CPU
		{7D252343-43FC-413F-8801-8B997A1E8048}.Release|iPhone.Deploy.0 = Release|Any CPU
		{7D252343-43FC-413F-8801-8B997A1E8048}.Release|iPhoneSimulator.ActiveCfg = Release|Any CPU
		{7D252343-43FC-413F-8801-8B997A1E8048}.Release|iPhoneSimulator.Build.0 = Release|Any CPU
		{7D252343-43FC-413F-8801-8B997A1E8048}.Release|iPhoneSimulator.Deploy.0 = Release|Any CPU
		{7D252343-43FC-413F-8801-8B997A1E8048}.Release|x64.ActiveCfg = Release|Any CPU
		{7D252343-43FC-413F-8801-8B997A1E8048}.Release|x64.Build.0 = Release|Any CPU
		{7D252343-43FC-413F-8801-8B997A1E8048}.Release|x64.Deploy.0 = Release|Any CPU
		{7D252343-43FC-413F-8801-8B997A1E8048}.Release|x86.ActiveCfg = Release|Any CPU
		{7D252343-43FC-413F-8801-8B997A1E8048}.Release|x86.Build.0 = Release|Any CPU
		{7D252343-43FC-413F-8801-8B997A1E8048}.Release|x86.Deploy.0 = Release|Any CPU
		{4D1D3BFF-7C3F-4C3A-84EE-00FE40CB8688}.Debug|Any CPU.ActiveCfg = Debug|Any CPU
		{4D1D3BFF-7C3F-4C3A-84EE-00FE40CB8688}.Debug|Any CPU.Build.0 = Debug|Any CPU
		{4D1D3BFF-7C3F-4C3A-84EE-00FE40CB8688}.Debug|ARM.ActiveCfg = Debug|Any CPU
		{4D1D3BFF-7C3F-4C3A-84EE-00FE40CB8688}.Debug|ARM.Build.0 = Debug|Any CPU
		{4D1D3BFF-7C3F-4C3A-84EE-00FE40CB8688}.Debug|iPhone.ActiveCfg = Debug|Any CPU
		{4D1D3BFF-7C3F-4C3A-84EE-00FE40CB8688}.Debug|iPhone.Build.0 = Debug|Any CPU
		{4D1D3BFF-7C3F-4C3A-84EE-00FE40CB8688}.Debug|iPhoneSimulator.ActiveCfg = Debug|Any CPU
		{4D1D3BFF-7C3F-4C3A-84EE-00FE40CB8688}.Debug|iPhoneSimulator.Build.0 = Debug|Any CPU
		{4D1D3BFF-7C3F-4C3A-84EE-00FE40CB8688}.Debug|x64.ActiveCfg = Debug|Any CPU
		{4D1D3BFF-7C3F-4C3A-84EE-00FE40CB8688}.Debug|x64.Build.0 = Debug|Any CPU
		{4D1D3BFF-7C3F-4C3A-84EE-00FE40CB8688}.Debug|x86.ActiveCfg = Debug|Any CPU
		{4D1D3BFF-7C3F-4C3A-84EE-00FE40CB8688}.Debug|x86.Build.0 = Debug|Any CPU
		{4D1D3BFF-7C3F-4C3A-84EE-00FE40CB8688}.Release|Any CPU.ActiveCfg = Release|Any CPU
		{4D1D3BFF-7C3F-4C3A-84EE-00FE40CB8688}.Release|Any CPU.Build.0 = Release|Any CPU
		{4D1D3BFF-7C3F-4C3A-84EE-00FE40CB8688}.Release|ARM.ActiveCfg = Release|Any CPU
		{4D1D3BFF-7C3F-4C3A-84EE-00FE40CB8688}.Release|ARM.Build.0 = Release|Any CPU
		{4D1D3BFF-7C3F-4C3A-84EE-00FE40CB8688}.Release|iPhone.ActiveCfg = Release|Any CPU
		{4D1D3BFF-7C3F-4C3A-84EE-00FE40CB8688}.Release|iPhone.Build.0 = Release|Any CPU
		{4D1D3BFF-7C3F-4C3A-84EE-00FE40CB8688}.Release|iPhoneSimulator.ActiveCfg = Release|Any CPU
		{4D1D3BFF-7C3F-4C3A-84EE-00FE40CB8688}.Release|iPhoneSimulator.Build.0 = Release|Any CPU
		{4D1D3BFF-7C3F-4C3A-84EE-00FE40CB8688}.Release|x64.ActiveCfg = Release|Any CPU
		{4D1D3BFF-7C3F-4C3A-84EE-00FE40CB8688}.Release|x64.Build.0 = Release|Any CPU
		{4D1D3BFF-7C3F-4C3A-84EE-00FE40CB8688}.Release|x86.ActiveCfg = Release|Any CPU
		{4D1D3BFF-7C3F-4C3A-84EE-00FE40CB8688}.Release|x86.Build.0 = Release|Any CPU
		{5C97535E-ABD7-46C1-8F0B-0971159F0D6D}.Debug|Any CPU.ActiveCfg = Debug|Any CPU
		{5C97535E-ABD7-46C1-8F0B-0971159F0D6D}.Debug|Any CPU.Build.0 = Debug|Any CPU
		{5C97535E-ABD7-46C1-8F0B-0971159F0D6D}.Debug|Any CPU.Deploy.0 = Debug|Any CPU
		{5C97535E-ABD7-46C1-8F0B-0971159F0D6D}.Debug|ARM.ActiveCfg = Debug|Any CPU
		{5C97535E-ABD7-46C1-8F0B-0971159F0D6D}.Debug|ARM.Build.0 = Debug|Any CPU
		{5C97535E-ABD7-46C1-8F0B-0971159F0D6D}.Debug|ARM.Deploy.0 = Debug|Any CPU
		{5C97535E-ABD7-46C1-8F0B-0971159F0D6D}.Debug|iPhone.ActiveCfg = Debug|Any CPU
		{5C97535E-ABD7-46C1-8F0B-0971159F0D6D}.Debug|iPhone.Build.0 = Debug|Any CPU
		{5C97535E-ABD7-46C1-8F0B-0971159F0D6D}.Debug|iPhone.Deploy.0 = Debug|Any CPU
		{5C97535E-ABD7-46C1-8F0B-0971159F0D6D}.Debug|iPhoneSimulator.ActiveCfg = Debug|Any CPU
		{5C97535E-ABD7-46C1-8F0B-0971159F0D6D}.Debug|iPhoneSimulator.Build.0 = Debug|Any CPU
		{5C97535E-ABD7-46C1-8F0B-0971159F0D6D}.Debug|iPhoneSimulator.Deploy.0 = Debug|Any CPU
		{5C97535E-ABD7-46C1-8F0B-0971159F0D6D}.Debug|x64.ActiveCfg = Debug|Any CPU
		{5C97535E-ABD7-46C1-8F0B-0971159F0D6D}.Debug|x64.Build.0 = Debug|Any CPU
		{5C97535E-ABD7-46C1-8F0B-0971159F0D6D}.Debug|x64.Deploy.0 = Debug|Any CPU
		{5C97535E-ABD7-46C1-8F0B-0971159F0D6D}.Debug|x86.ActiveCfg = Debug|Any CPU
		{5C97535E-ABD7-46C1-8F0B-0971159F0D6D}.Debug|x86.Build.0 = Debug|Any CPU
		{5C97535E-ABD7-46C1-8F0B-0971159F0D6D}.Debug|x86.Deploy.0 = Debug|Any CPU
		{5C97535E-ABD7-46C1-8F0B-0971159F0D6D}.Release|Any CPU.ActiveCfg = Release|Any CPU
		{5C97535E-ABD7-46C1-8F0B-0971159F0D6D}.Release|Any CPU.Build.0 = Release|Any CPU
		{5C97535E-ABD7-46C1-8F0B-0971159F0D6D}.Release|Any CPU.Deploy.0 = Release|Any CPU
		{5C97535E-ABD7-46C1-8F0B-0971159F0D6D}.Release|ARM.ActiveCfg = Release|Any CPU
		{5C97535E-ABD7-46C1-8F0B-0971159F0D6D}.Release|ARM.Build.0 = Release|Any CPU
		{5C97535E-ABD7-46C1-8F0B-0971159F0D6D}.Release|ARM.Deploy.0 = Release|Any CPU
		{5C97535E-ABD7-46C1-8F0B-0971159F0D6D}.Release|iPhone.ActiveCfg = Release|Any CPU
		{5C97535E-ABD7-46C1-8F0B-0971159F0D6D}.Release|iPhone.Build.0 = Release|Any CPU
		{5C97535E-ABD7-46C1-8F0B-0971159F0D6D}.Release|iPhone.Deploy.0 = Release|Any CPU
		{5C97535E-ABD7-46C1-8F0B-0971159F0D6D}.Release|iPhoneSimulator.ActiveCfg = Release|Any CPU
		{5C97535E-ABD7-46C1-8F0B-0971159F0D6D}.Release|iPhoneSimulator.Build.0 = Release|Any CPU
		{5C97535E-ABD7-46C1-8F0B-0971159F0D6D}.Release|iPhoneSimulator.Deploy.0 = Release|Any CPU
		{5C97535E-ABD7-46C1-8F0B-0971159F0D6D}.Release|x64.ActiveCfg = Release|Any CPU
		{5C97535E-ABD7-46C1-8F0B-0971159F0D6D}.Release|x64.Build.0 = Release|Any CPU
		{5C97535E-ABD7-46C1-8F0B-0971159F0D6D}.Release|x64.Deploy.0 = Release|Any CPU
		{5C97535E-ABD7-46C1-8F0B-0971159F0D6D}.Release|x86.ActiveCfg = Release|Any CPU
		{5C97535E-ABD7-46C1-8F0B-0971159F0D6D}.Release|x86.Build.0 = Release|Any CPU
		{5C97535E-ABD7-46C1-8F0B-0971159F0D6D}.Release|x86.Deploy.0 = Release|Any CPU
		{8511F1F5-5221-4559-8667-9C77AF06D5BC}.Debug|Any CPU.ActiveCfg = Debug|iPhoneSimulator
		{8511F1F5-5221-4559-8667-9C77AF06D5BC}.Debug|Any CPU.Build.0 = Debug|iPhoneSimulator
		{8511F1F5-5221-4559-8667-9C77AF06D5BC}.Debug|ARM.ActiveCfg = Debug|iPhoneSimulator
		{8511F1F5-5221-4559-8667-9C77AF06D5BC}.Debug|ARM.Build.0 = Debug|iPhoneSimulator
		{8511F1F5-5221-4559-8667-9C77AF06D5BC}.Debug|iPhone.ActiveCfg = Debug|iPhone
		{8511F1F5-5221-4559-8667-9C77AF06D5BC}.Debug|iPhone.Build.0 = Debug|iPhone
		{8511F1F5-5221-4559-8667-9C77AF06D5BC}.Debug|iPhoneSimulator.ActiveCfg = Debug|iPhoneSimulator
		{8511F1F5-5221-4559-8667-9C77AF06D5BC}.Debug|iPhoneSimulator.Build.0 = Debug|iPhoneSimulator
		{8511F1F5-5221-4559-8667-9C77AF06D5BC}.Debug|x64.ActiveCfg = Debug|iPhoneSimulator
		{8511F1F5-5221-4559-8667-9C77AF06D5BC}.Debug|x64.Build.0 = Debug|iPhoneSimulator
		{8511F1F5-5221-4559-8667-9C77AF06D5BC}.Debug|x86.ActiveCfg = Debug|iPhoneSimulator
		{8511F1F5-5221-4559-8667-9C77AF06D5BC}.Debug|x86.Build.0 = Debug|iPhoneSimulator
		{8511F1F5-5221-4559-8667-9C77AF06D5BC}.Release|Any CPU.ActiveCfg = Release|iPhoneSimulator
		{8511F1F5-5221-4559-8667-9C77AF06D5BC}.Release|Any CPU.Build.0 = Release|iPhoneSimulator
		{8511F1F5-5221-4559-8667-9C77AF06D5BC}.Release|ARM.ActiveCfg = Release|iPhoneSimulator
		{8511F1F5-5221-4559-8667-9C77AF06D5BC}.Release|ARM.Build.0 = Release|iPhoneSimulator
		{8511F1F5-5221-4559-8667-9C77AF06D5BC}.Release|iPhone.ActiveCfg = Release|iPhone
		{8511F1F5-5221-4559-8667-9C77AF06D5BC}.Release|iPhone.Build.0 = Release|iPhone
		{8511F1F5-5221-4559-8667-9C77AF06D5BC}.Release|iPhoneSimulator.ActiveCfg = Release|iPhoneSimulator
		{8511F1F5-5221-4559-8667-9C77AF06D5BC}.Release|iPhoneSimulator.Build.0 = Release|iPhoneSimulator
		{8511F1F5-5221-4559-8667-9C77AF06D5BC}.Release|x64.ActiveCfg = Release|iPhoneSimulator
		{8511F1F5-5221-4559-8667-9C77AF06D5BC}.Release|x64.Build.0 = Release|iPhoneSimulator
		{8511F1F5-5221-4559-8667-9C77AF06D5BC}.Release|x86.ActiveCfg = Release|iPhoneSimulator
		{8511F1F5-5221-4559-8667-9C77AF06D5BC}.Release|x86.Build.0 = Release|iPhoneSimulator
		{33F46A5B-35EE-46D4-B7CC-CC560837C1DD}.Debug|Any CPU.ActiveCfg = Debug|Any CPU
		{33F46A5B-35EE-46D4-B7CC-CC560837C1DD}.Debug|Any CPU.Build.0 = Debug|Any CPU
		{33F46A5B-35EE-46D4-B7CC-CC560837C1DD}.Debug|ARM.ActiveCfg = Debug|Any CPU
		{33F46A5B-35EE-46D4-B7CC-CC560837C1DD}.Debug|ARM.Build.0 = Debug|Any CPU
		{33F46A5B-35EE-46D4-B7CC-CC560837C1DD}.Debug|iPhone.ActiveCfg = Debug|Any CPU
		{33F46A5B-35EE-46D4-B7CC-CC560837C1DD}.Debug|iPhone.Build.0 = Debug|Any CPU
		{33F46A5B-35EE-46D4-B7CC-CC560837C1DD}.Debug|iPhoneSimulator.ActiveCfg = Debug|Any CPU
		{33F46A5B-35EE-46D4-B7CC-CC560837C1DD}.Debug|iPhoneSimulator.Build.0 = Debug|Any CPU
		{33F46A5B-35EE-46D4-B7CC-CC560837C1DD}.Debug|x64.ActiveCfg = Debug|Any CPU
		{33F46A5B-35EE-46D4-B7CC-CC560837C1DD}.Debug|x64.Build.0 = Debug|Any CPU
		{33F46A5B-35EE-46D4-B7CC-CC560837C1DD}.Debug|x86.ActiveCfg = Debug|Any CPU
		{33F46A5B-35EE-46D4-B7CC-CC560837C1DD}.Debug|x86.Build.0 = Debug|Any CPU
		{33F46A5B-35EE-46D4-B7CC-CC560837C1DD}.Release|Any CPU.ActiveCfg = Release|Any CPU
		{33F46A5B-35EE-46D4-B7CC-CC560837C1DD}.Release|Any CPU.Build.0 = Release|Any CPU
		{33F46A5B-35EE-46D4-B7CC-CC560837C1DD}.Release|ARM.ActiveCfg = Release|Any CPU
		{33F46A5B-35EE-46D4-B7CC-CC560837C1DD}.Release|ARM.Build.0 = Release|Any CPU
		{33F46A5B-35EE-46D4-B7CC-CC560837C1DD}.Release|iPhone.ActiveCfg = Release|Any CPU
		{33F46A5B-35EE-46D4-B7CC-CC560837C1DD}.Release|iPhone.Build.0 = Release|Any CPU
		{33F46A5B-35EE-46D4-B7CC-CC560837C1DD}.Release|iPhoneSimulator.ActiveCfg = Release|Any CPU
		{33F46A5B-35EE-46D4-B7CC-CC560837C1DD}.Release|iPhoneSimulator.Build.0 = Release|Any CPU
		{33F46A5B-35EE-46D4-B7CC-CC560837C1DD}.Release|x64.ActiveCfg = Release|Any CPU
		{33F46A5B-35EE-46D4-B7CC-CC560837C1DD}.Release|x64.Build.0 = Release|Any CPU
		{33F46A5B-35EE-46D4-B7CC-CC560837C1DD}.Release|x86.ActiveCfg = Release|Any CPU
		{33F46A5B-35EE-46D4-B7CC-CC560837C1DD}.Release|x86.Build.0 = Release|Any CPU
		{D9F6E0A1-055D-44ED-BDF4-9C1A5229D732}.Debug|Any CPU.ActiveCfg = Debug|Any CPU
		{D9F6E0A1-055D-44ED-BDF4-9C1A5229D732}.Debug|Any CPU.Build.0 = Debug|Any CPU
		{D9F6E0A1-055D-44ED-BDF4-9C1A5229D732}.Debug|ARM.ActiveCfg = Debug|Any CPU
		{D9F6E0A1-055D-44ED-BDF4-9C1A5229D732}.Debug|ARM.Build.0 = Debug|Any CPU
		{D9F6E0A1-055D-44ED-BDF4-9C1A5229D732}.Debug|iPhone.ActiveCfg = Debug|Any CPU
		{D9F6E0A1-055D-44ED-BDF4-9C1A5229D732}.Debug|iPhone.Build.0 = Debug|Any CPU
		{D9F6E0A1-055D-44ED-BDF4-9C1A5229D732}.Debug|iPhoneSimulator.ActiveCfg = Debug|Any CPU
		{D9F6E0A1-055D-44ED-BDF4-9C1A5229D732}.Debug|iPhoneSimulator.Build.0 = Debug|Any CPU
		{D9F6E0A1-055D-44ED-BDF4-9C1A5229D732}.Debug|x64.ActiveCfg = Debug|Any CPU
		{D9F6E0A1-055D-44ED-BDF4-9C1A5229D732}.Debug|x64.Build.0 = Debug|Any CPU
		{D9F6E0A1-055D-44ED-BDF4-9C1A5229D732}.Debug|x86.ActiveCfg = Debug|Any CPU
		{D9F6E0A1-055D-44ED-BDF4-9C1A5229D732}.Debug|x86.Build.0 = Debug|Any CPU
		{D9F6E0A1-055D-44ED-BDF4-9C1A5229D732}.Release|Any CPU.ActiveCfg = Release|Any CPU
		{D9F6E0A1-055D-44ED-BDF4-9C1A5229D732}.Release|Any CPU.Build.0 = Release|Any CPU
		{D9F6E0A1-055D-44ED-BDF4-9C1A5229D732}.Release|ARM.ActiveCfg = Release|Any CPU
		{D9F6E0A1-055D-44ED-BDF4-9C1A5229D732}.Release|ARM.Build.0 = Release|Any CPU
		{D9F6E0A1-055D-44ED-BDF4-9C1A5229D732}.Release|iPhone.ActiveCfg = Release|Any CPU
		{D9F6E0A1-055D-44ED-BDF4-9C1A5229D732}.Release|iPhone.Build.0 = Release|Any CPU
		{D9F6E0A1-055D-44ED-BDF4-9C1A5229D732}.Release|iPhoneSimulator.ActiveCfg = Release|Any CPU
		{D9F6E0A1-055D-44ED-BDF4-9C1A5229D732}.Release|iPhoneSimulator.Build.0 = Release|Any CPU
		{D9F6E0A1-055D-44ED-BDF4-9C1A5229D732}.Release|x64.ActiveCfg = Release|Any CPU
		{D9F6E0A1-055D-44ED-BDF4-9C1A5229D732}.Release|x64.Build.0 = Release|Any CPU
		{D9F6E0A1-055D-44ED-BDF4-9C1A5229D732}.Release|x86.ActiveCfg = Release|Any CPU
		{D9F6E0A1-055D-44ED-BDF4-9C1A5229D732}.Release|x86.Build.0 = Release|Any CPU
		{DC94898E-ABC6-485B-B378-0E02355B026F}.Debug|Any CPU.ActiveCfg = Debug|Any CPU
		{DC94898E-ABC6-485B-B378-0E02355B026F}.Debug|Any CPU.Build.0 = Debug|Any CPU
		{DC94898E-ABC6-485B-B378-0E02355B026F}.Debug|ARM.ActiveCfg = Debug|Any CPU
		{DC94898E-ABC6-485B-B378-0E02355B026F}.Debug|ARM.Build.0 = Debug|Any CPU
		{DC94898E-ABC6-485B-B378-0E02355B026F}.Debug|iPhone.ActiveCfg = Debug|Any CPU
		{DC94898E-ABC6-485B-B378-0E02355B026F}.Debug|iPhone.Build.0 = Debug|Any CPU
		{DC94898E-ABC6-485B-B378-0E02355B026F}.Debug|iPhoneSimulator.ActiveCfg = Debug|Any CPU
		{DC94898E-ABC6-485B-B378-0E02355B026F}.Debug|iPhoneSimulator.Build.0 = Debug|Any CPU
		{DC94898E-ABC6-485B-B378-0E02355B026F}.Debug|x64.ActiveCfg = Debug|Any CPU
		{DC94898E-ABC6-485B-B378-0E02355B026F}.Debug|x64.Build.0 = Debug|Any CPU
		{DC94898E-ABC6-485B-B378-0E02355B026F}.Debug|x86.ActiveCfg = Debug|Any CPU
		{DC94898E-ABC6-485B-B378-0E02355B026F}.Debug|x86.Build.0 = Debug|Any CPU
		{DC94898E-ABC6-485B-B378-0E02355B026F}.Release|Any CPU.ActiveCfg = Release|Any CPU
		{DC94898E-ABC6-485B-B378-0E02355B026F}.Release|Any CPU.Build.0 = Release|Any CPU
		{DC94898E-ABC6-485B-B378-0E02355B026F}.Release|ARM.ActiveCfg = Release|Any CPU
		{DC94898E-ABC6-485B-B378-0E02355B026F}.Release|ARM.Build.0 = Release|Any CPU
		{DC94898E-ABC6-485B-B378-0E02355B026F}.Release|iPhone.ActiveCfg = Release|Any CPU
		{DC94898E-ABC6-485B-B378-0E02355B026F}.Release|iPhone.Build.0 = Release|Any CPU
		{DC94898E-ABC6-485B-B378-0E02355B026F}.Release|iPhoneSimulator.ActiveCfg = Release|Any CPU
		{DC94898E-ABC6-485B-B378-0E02355B026F}.Release|iPhoneSimulator.Build.0 = Release|Any CPU
		{DC94898E-ABC6-485B-B378-0E02355B026F}.Release|x64.ActiveCfg = Release|Any CPU
		{DC94898E-ABC6-485B-B378-0E02355B026F}.Release|x64.Build.0 = Release|Any CPU
		{DC94898E-ABC6-485B-B378-0E02355B026F}.Release|x86.ActiveCfg = Release|Any CPU
		{DC94898E-ABC6-485B-B378-0E02355B026F}.Release|x86.Build.0 = Release|Any CPU
		{412FF6D9-4D88-44B8-88B5-00EDB5FAECBF}.Debug|Any CPU.ActiveCfg = Debug|Any CPU
		{412FF6D9-4D88-44B8-88B5-00EDB5FAECBF}.Debug|Any CPU.Build.0 = Debug|Any CPU
		{412FF6D9-4D88-44B8-88B5-00EDB5FAECBF}.Debug|ARM.ActiveCfg = Debug|Any CPU
		{412FF6D9-4D88-44B8-88B5-00EDB5FAECBF}.Debug|ARM.Build.0 = Debug|Any CPU
		{412FF6D9-4D88-44B8-88B5-00EDB5FAECBF}.Debug|iPhone.ActiveCfg = Debug|Any CPU
		{412FF6D9-4D88-44B8-88B5-00EDB5FAECBF}.Debug|iPhone.Build.0 = Debug|Any CPU
		{412FF6D9-4D88-44B8-88B5-00EDB5FAECBF}.Debug|iPhoneSimulator.ActiveCfg = Debug|Any CPU
		{412FF6D9-4D88-44B8-88B5-00EDB5FAECBF}.Debug|iPhoneSimulator.Build.0 = Debug|Any CPU
		{412FF6D9-4D88-44B8-88B5-00EDB5FAECBF}.Debug|x64.ActiveCfg = Debug|Any CPU
		{412FF6D9-4D88-44B8-88B5-00EDB5FAECBF}.Debug|x64.Build.0 = Debug|Any CPU
		{412FF6D9-4D88-44B8-88B5-00EDB5FAECBF}.Debug|x86.ActiveCfg = Debug|Any CPU
		{412FF6D9-4D88-44B8-88B5-00EDB5FAECBF}.Debug|x86.Build.0 = Debug|Any CPU
		{412FF6D9-4D88-44B8-88B5-00EDB5FAECBF}.Release|Any CPU.ActiveCfg = Release|Any CPU
		{412FF6D9-4D88-44B8-88B5-00EDB5FAECBF}.Release|Any CPU.Build.0 = Release|Any CPU
		{412FF6D9-4D88-44B8-88B5-00EDB5FAECBF}.Release|ARM.ActiveCfg = Release|Any CPU
		{412FF6D9-4D88-44B8-88B5-00EDB5FAECBF}.Release|ARM.Build.0 = Release|Any CPU
		{412FF6D9-4D88-44B8-88B5-00EDB5FAECBF}.Release|iPhone.ActiveCfg = Release|Any CPU
		{412FF6D9-4D88-44B8-88B5-00EDB5FAECBF}.Release|iPhone.Build.0 = Release|Any CPU
		{412FF6D9-4D88-44B8-88B5-00EDB5FAECBF}.Release|iPhoneSimulator.ActiveCfg = Release|Any CPU
		{412FF6D9-4D88-44B8-88B5-00EDB5FAECBF}.Release|iPhoneSimulator.Build.0 = Release|Any CPU
		{412FF6D9-4D88-44B8-88B5-00EDB5FAECBF}.Release|x64.ActiveCfg = Release|Any CPU
		{412FF6D9-4D88-44B8-88B5-00EDB5FAECBF}.Release|x64.Build.0 = Release|Any CPU
		{412FF6D9-4D88-44B8-88B5-00EDB5FAECBF}.Release|x86.ActiveCfg = Release|Any CPU
		{412FF6D9-4D88-44B8-88B5-00EDB5FAECBF}.Release|x86.Build.0 = Release|Any CPU
		{989BDAD8-3AEE-4585-88FE-0BF2D93D2C77}.Debug|Any CPU.ActiveCfg = Debug|Any CPU
		{989BDAD8-3AEE-4585-88FE-0BF2D93D2C77}.Debug|Any CPU.Build.0 = Debug|Any CPU
		{989BDAD8-3AEE-4585-88FE-0BF2D93D2C77}.Debug|ARM.ActiveCfg = Debug|Any CPU
		{989BDAD8-3AEE-4585-88FE-0BF2D93D2C77}.Debug|ARM.Build.0 = Debug|Any CPU
		{989BDAD8-3AEE-4585-88FE-0BF2D93D2C77}.Debug|iPhone.ActiveCfg = Debug|Any CPU
		{989BDAD8-3AEE-4585-88FE-0BF2D93D2C77}.Debug|iPhone.Build.0 = Debug|Any CPU
		{989BDAD8-3AEE-4585-88FE-0BF2D93D2C77}.Debug|iPhoneSimulator.ActiveCfg = Debug|Any CPU
		{989BDAD8-3AEE-4585-88FE-0BF2D93D2C77}.Debug|iPhoneSimulator.Build.0 = Debug|Any CPU
		{989BDAD8-3AEE-4585-88FE-0BF2D93D2C77}.Debug|x64.ActiveCfg = Debug|Any CPU
		{989BDAD8-3AEE-4585-88FE-0BF2D93D2C77}.Debug|x64.Build.0 = Debug|Any CPU
		{989BDAD8-3AEE-4585-88FE-0BF2D93D2C77}.Debug|x86.ActiveCfg = Debug|Any CPU
		{989BDAD8-3AEE-4585-88FE-0BF2D93D2C77}.Debug|x86.Build.0 = Debug|Any CPU
		{989BDAD8-3AEE-4585-88FE-0BF2D93D2C77}.Release|Any CPU.ActiveCfg = Release|Any CPU
		{989BDAD8-3AEE-4585-88FE-0BF2D93D2C77}.Release|Any CPU.Build.0 = Release|Any CPU
		{989BDAD8-3AEE-4585-88FE-0BF2D93D2C77}.Release|ARM.ActiveCfg = Release|Any CPU
		{989BDAD8-3AEE-4585-88FE-0BF2D93D2C77}.Release|ARM.Build.0 = Release|Any CPU
		{989BDAD8-3AEE-4585-88FE-0BF2D93D2C77}.Release|iPhone.ActiveCfg = Release|Any CPU
		{989BDAD8-3AEE-4585-88FE-0BF2D93D2C77}.Release|iPhone.Build.0 = Release|Any CPU
		{989BDAD8-3AEE-4585-88FE-0BF2D93D2C77}.Release|iPhoneSimulator.ActiveCfg = Release|Any CPU
		{989BDAD8-3AEE-4585-88FE-0BF2D93D2C77}.Release|iPhoneSimulator.Build.0 = Release|Any CPU
		{989BDAD8-3AEE-4585-88FE-0BF2D93D2C77}.Release|x64.ActiveCfg = Release|Any CPU
		{989BDAD8-3AEE-4585-88FE-0BF2D93D2C77}.Release|x64.Build.0 = Release|Any CPU
		{989BDAD8-3AEE-4585-88FE-0BF2D93D2C77}.Release|x86.ActiveCfg = Release|Any CPU
		{989BDAD8-3AEE-4585-88FE-0BF2D93D2C77}.Release|x86.Build.0 = Release|Any CPU
	EndGlobalSection
	GlobalSection(SolutionProperties) = preSolution
		HideSolutionNode = FALSE
	EndGlobalSection
	GlobalSection(NestedProjects) = preSolution
		{36A8F006-2F1B-413B-9CCE-016F46DBE90A} = {213374C7-A203-4F0C-B19F-9FF9FEBE2088}
		{FFBE530E-BF1C-4049-8645-43DC3190CF56} = {50EA6E57-90B4-482A-B52B-4E8A068E807C}
		{073EF40F-C4E9-4E85-B990-60AEEFF66D3E} = {CB747323-D2CA-4F92-AE50-220EE51244F5}
		{71B9775F-1481-4AD9-BBCF-89BE508FB8E9} = {8795335B-F657-4563-8ACC-42E5D4913ED9}
		{DC4AB0DA-15C4-418D-B3AF-32F104EC3435} = {BE556146-DE9E-466B-9D3C-81EB06E71831}
		{02E3F300-41DB-4B07-BEFA-5907624A47CD} = {BE556146-DE9E-466B-9D3C-81EB06E71831}
		{7D252343-43FC-413F-8801-8B997A1E8048} = {213374C7-A203-4F0C-B19F-9FF9FEBE2088}
		{4D1D3BFF-7C3F-4C3A-84EE-00FE40CB8688} = {50EA6E57-90B4-482A-B52B-4E8A068E807C}
		{5C97535E-ABD7-46C1-8F0B-0971159F0D6D} = {213374C7-A203-4F0C-B19F-9FF9FEBE2088}
		{8511F1F5-5221-4559-8667-9C77AF06D5BC} = {213374C7-A203-4F0C-B19F-9FF9FEBE2088}
		{33F46A5B-35EE-46D4-B7CC-CC560837C1DD} = {213374C7-A203-4F0C-B19F-9FF9FEBE2088}
		{D9F6E0A1-055D-44ED-BDF4-9C1A5229D732} = {54275AC0-8D42-4736-AF38-245413E64281}
		{DC94898E-ABC6-485B-B378-0E02355B026F} = {CB747323-D2CA-4F92-AE50-220EE51244F5}
		{412FF6D9-4D88-44B8-88B5-00EDB5FAECBF} = {54275AC0-8D42-4736-AF38-245413E64281}
		{989BDAD8-3AEE-4585-88FE-0BF2D93D2C77} = {213374C7-A203-4F0C-B19F-9FF9FEBE2088}
	EndGlobalSection
	GlobalSection(ExtensibilityGlobals) = postSolution
		SolutionGuid = {79C28F1D-8E25-4762-B744-9358F8C27D37}
	EndGlobalSection
EndGlobal
